
Microsoft Visual Studio Solution File, Format Version 12.00
# Visual Studio Version 17
VisualStudioVersion = 17.7.34031.279
MinimumVisualStudioVersion = 10.0.40219.1
Project("{FAE04EC0-301F-11D3-BF4B-00C04F79EFBC}") = "generic-repository", "generic-repository.csproj", "{DE5CC98C-93E1-4B66-B6D1-1F20D79A1864}"
EndProject
Global
	GlobalSection(SolutionConfigurationPlatforms) = preSolution
		Debug|Any CPU = Debug|Any CPU
		Release|Any CPU = Release|Any CPU
	EndGlobalSection
	GlobalSection(ProjectConfigurationPlatforms) = postSolution
		{DE5CC98C-93E1-4B66-B6D1-1F20D79A1864}.Debug|Any CPU.ActiveCfg = Debug|Any CPU
		{DE5CC98C-93E1-4B66-B6D1-1F20D79A1864}.Debug|Any CPU.Build.0 = Debug|Any CPU
		{DE5CC98C-93E1-4B66-B6D1-1F20D79A1864}.Release|Any CPU.ActiveCfg = Release|Any CPU
		{DE5CC98C-93E1-4B66-B6D1-1F20D79A1864}.Release|Any CPU.Build.0 = Release|Any CPU
	EndGlobalSection
	GlobalSection(SolutionProperties) = preSolution
		HideSolutionNode = FALSE
	EndGlobalSection
	GlobalSection(ExtensibilityGlobals) = postSolution
		SolutionGuid = {7C827B7A-DC70-422A-9D56-3D889BA62B8C}
	EndGlobalSection
EndGlobal
