
Microsoft Visual Studio Solution File, Format Version 12.00
# Visual Studio Version 17
VisualStudioVersion = 17.6.33801.468
MinimumVisualStudioVersion = 10.0.40219.1
Project("{9A19103F-16F7-4668-BE54-9A1E7A4F7556}") = "BankAccountKata.Console", "BankAccountKata.Console\BankAccountKata.Console.csproj", "{FFC2F5E3-C4E0-4F41-B5CE-F67772FF56AB}"
EndProject
Project("{9A19103F-16F7-4668-BE54-9A1E7A4F7556}") = "BankAccountKata.Tests", "BankAccountKata.Tests\BankAccountKata.Tests.csproj", "{F5AD594D-BC31-44E0-9B7A-ED084BD36E2E}"
EndProject
Project("{2150E333-8FDC-42A3-9474-1A3956D46DE8}") = "Solution Items", "Solution Items", "{A89A0525-DB3F-4DBA-BCF8-2AB8AC3DB2BE}"
	ProjectSection(SolutionItems) = preProject
		..\README.md = ..\README.md
	EndProjectSection
EndProject
Global
	GlobalSection(SolutionConfigurationPlatforms) = preSolution
		Debug|Any CPU = Debug|Any CPU
		Release|Any CPU = Release|Any CPU
	EndGlobalSection
	GlobalSection(ProjectConfigurationPlatforms) = postSolution
		{FFC2F5E3-C4E0-4F41-B5CE-F67772FF56AB}.Debug|Any CPU.ActiveCfg = Debug|Any CPU
		{FFC2F5E3-C4E0-4F41-B5CE-F67772FF56AB}.Debug|Any CPU.Build.0 = Debug|Any CPU
		{FFC2F5E3-C4E0-4F41-B5CE-F67772FF56AB}.Release|Any CPU.ActiveCfg = Release|Any CPU
		{FFC2F5E3-C4E0-4F41-B5CE-F67772FF56AB}.Release|Any CPU.Build.0 = Release|Any CPU
		{F5AD594D-BC31-44E0-9B7A-ED084BD36E2E}.Debug|Any CPU.ActiveCfg = Debug|Any CPU
		{F5AD594D-BC31-44E0-9B7A-ED084BD36E2E}.Debug|Any CPU.Build.0 = Debug|Any CPU
		{F5AD594D-BC31-44E0-9B7A-ED084BD36E2E}.Release|Any CPU.ActiveCfg = Release|Any CPU
		{F5AD594D-BC31-44E0-9B7A-ED084BD36E2E}.Release|Any CPU.Build.0 = Release|Any CPU
	EndGlobalSection
	GlobalSection(SolutionProperties) = preSolution
		HideSolutionNode = FALSE
	EndGlobalSection
	GlobalSection(ExtensibilityGlobals) = postSolution
		SolutionGuid = {A484BC08-FDD1-4339-9CC0-F10BE66BD54F}
	EndGlobalSection
EndGlobal
